# This file is autogenerated, do not edit; changes may be undone by the next 'dep ensure'.


[[projects]]
  digest = "1:3aa6a8f17b8b6da3357e5df1e0c3763a69e52745181f62b0570eae32b025e3b2"
  name = "github.com/go-sql-driver/mysql"
  packages = ["."]
  pruneopts = "UT"
  revision = "128a6737a20278b625f8de647998fec7b7a2dc3e"

[solve-meta]
  analyzer-name = "dep"
  analyzer-version = 1
  input-imports = ["github.com/go-sql-driver/mysql"]
  solver-name = "gps-cdcl"
  solver-version = 1
